
Microsoft Visual Studio Solution File, Format Version 12.00
# Visual Studio 2012
Project("{FAE04EC0-301F-11D3-BF4B-00C04F79EFBC}") = "OctopusLabsAutomation", "OctopusLabs_Selenium\OctopusLabsAutomation.csproj", "{A2BD6C68-D27F-44B1-980C-9311E01DFF79}"
EndProject
Project("{FAE04EC0-301F-11D3-BF4B-00C04F79EFBC}") = "OctopusLabsTests", "OctopusLabsTests\OctopusLabsTests.csproj", "{2A1B6AF9-ADDD-432B-8D0D-2767CCD056CD}"
EndProject
Global
	GlobalSection(SolutionConfigurationPlatforms) = preSolution
		Debug|Any CPU = Debug|Any CPU
		Release|Any CPU = Release|Any CPU
	EndGlobalSection
	GlobalSection(ProjectConfigurationPlatforms) = postSolution
		{A2BD6C68-D27F-44B1-980C-9311E01DFF79}.Debug|Any CPU.ActiveCfg = Debug|Any CPU
		{A2BD6C68-D27F-44B1-980C-9311E01DFF79}.Debug|Any CPU.Build.0 = Debug|Any CPU
		{A2BD6C68-D27F-44B1-980C-9311E01DFF79}.Release|Any CPU.ActiveCfg = Release|Any CPU
		{A2BD6C68-D27F-44B1-980C-9311E01DFF79}.Release|Any CPU.Build.0 = Release|Any CPU
		{2A1B6AF9-ADDD-432B-8D0D-2767CCD056CD}.Debug|Any CPU.ActiveCfg = Debug|Any CPU
		{2A1B6AF9-ADDD-432B-8D0D-2767CCD056CD}.Debug|Any CPU.Build.0 = Debug|Any CPU
		{2A1B6AF9-ADDD-432B-8D0D-2767CCD056CD}.Release|Any CPU.ActiveCfg = Release|Any CPU
		{2A1B6AF9-ADDD-432B-8D0D-2767CCD056CD}.Release|Any CPU.Build.0 = Release|Any CPU
	EndGlobalSection
EndGlobal
